[root]
name = "stats_browser"
version = "0.0.1"
dependencies = [
 "common 0.0.1",
 "env_logger 0.3.0 (registry+https://github.com/rust-lang/crates.io-index)",
 "log 0.3.1 (registry+https://github.com/rust-lang/crates.io-index)",
 "mio 0.4.0 (git+https://github.com/carllerche/mio)",
 "num 0.1.24 (registry+https://github.com/rust-lang/crates.io-index)",
 "rustc-serialize 0.3.14 (registry+https://github.com/rust-lang/crates.io-index)",
 "serverbrowse 0.0.1",
 "time 0.1.25 (registry+https://github.com/rust-lang/crates.io-index)",
]

[[package]]
name = "bitflags"
version = "0.1.1"
source = "registry+https://github.com/rust-lang/crates.io-index"

[[package]]
name = "bytes"
version = "0.2.9"
source = "registry+https://github.com/rust-lang/crates.io-index"

[[package]]
name = "clock_ticks"
version = "0.0.5"
source = "registry+https://github.com/rust-lang/crates.io-index"
dependencies = [
 "libc 0.1.7 (registry+https://github.com/rust-lang/crates.io-index)",
]

[[package]]
name = "common"
version = "0.0.1"

[[package]]
name = "env_logger"
version = "0.3.0"
source = "registry+https://github.com/rust-lang/crates.io-index"
dependencies = [
 "log 0.3.1 (registry+https://github.com/rust-lang/crates.io-index)",
 "regex 0.1.30 (registry+https://github.com/rust-lang/crates.io-index)",
]

[[package]]
name = "gcc"
version = "0.3.5"
source = "registry+https://github.com/rust-lang/crates.io-index"

[[package]]
name = "libc"
version = "0.1.7"
source = "registry+https://github.com/rust-lang/crates.io-index"

[[package]]
name = "log"
version = "0.3.1"
source = "registry+https://github.com/rust-lang/crates.io-index"
dependencies = [
 "libc 0.1.7 (registry+https://github.com/rust-lang/crates.io-index)",
]

[[package]]
name = "mio"
version = "0.4.0"
source = "git+https://github.com/carllerche/mio#e753c88d3fb396ed4d54a304e131c1f2aa60160d"
dependencies = [
 "bytes 0.2.9 (registry+https://github.com/rust-lang/crates.io-index)",
 "clock_ticks 0.0.5 (registry+https://github.com/rust-lang/crates.io-index)",
 "log 0.3.1 (registry+https://github.com/rust-lang/crates.io-index)",
 "nix 0.3.5 (git+https://github.com/carllerche/nix-rust)",
 "winapi 0.1.17 (git+https://github.com/retep998/winapi-rs)",
]

[[package]]
name = "nix"
version = "0.3.5"
source = "git+https://github.com/carllerche/nix-rust#e29ea45de7cce4365843a0ee0dfca0aff14e84f9"
dependencies = [
 "bitflags 0.1.1 (registry+https://github.com/rust-lang/crates.io-index)",
 "libc 0.1.7 (registry+https://github.com/rust-lang/crates.io-index)",
]

[[package]]
name = "num"
version = "0.1.24"
source = "registry+https://github.com/rust-lang/crates.io-index"
dependencies = [
 "rand 0.3.8 (registry+https://github.com/rust-lang/crates.io-index)",
 "rustc-serialize 0.3.14 (registry+https://github.com/rust-lang/crates.io-index)",
]

[[package]]
name = "rand"
version = "0.3.8"
source = "registry+https://github.com/rust-lang/crates.io-index"
dependencies = [
 "libc 0.1.7 (registry+https://github.com/rust-lang/crates.io-index)",
]

[[package]]
name = "regex"
version = "0.1.30"
source = "registry+https://github.com/rust-lang/crates.io-index"

[[package]]
name = "rustc-serialize"
version = "0.3.14"
source = "registry+https://github.com/rust-lang/crates.io-index"

[[package]]
name = "serverbrowse"
version = "0.0.1"
dependencies = [
 "common 0.0.1",
 "log 0.3.1 (registry+https://github.com/rust-lang/crates.io-index)",
 "num 0.1.24 (registry+https://github.com/rust-lang/crates.io-index)",
 "rustc-serialize 0.3.14 (registry+https://github.com/rust-lang/crates.io-index)",
 "time 0.1.25 (registry+https://github.com/rust-lang/crates.io-index)",
]

[[package]]
name = "time"
version = "0.1.25"
source = "registry+https://github.com/rust-lang/crates.io-index"
dependencies = [
 "gcc 0.3.5 (registry+https://github.com/rust-lang/crates.io-index)",
 "libc 0.1.7 (registry+https://github.com/rust-lang/crates.io-index)",
 "rustc-serialize 0.3.14 (registry+https://github.com/rust-lang/crates.io-index)",
]

[[package]]
name = "winapi"
version = "0.1.17"
source = "git+https://github.com/retep998/winapi-rs#ebf6e82cfe181c6d919a7acc8f0b2a883f83c80c"
dependencies = [
 "libc 0.1.7 (registry+https://github.com/rust-lang/crates.io-index)",
]

