[root]
name = "datafile"
version = "0.0.1"
dependencies = [
 "common 0.0.1",
 "log 0.3.1 (registry+https://github.com/rust-lang/crates.io-index)",
 "zlib_minimal 0.0.1",
]

[[package]]
name = "common"
version = "0.0.1"

[[package]]
name = "libc"
version = "0.1.7"
source = "registry+https://github.com/rust-lang/crates.io-index"

[[package]]
name = "log"
version = "0.3.1"
source = "registry+https://github.com/rust-lang/crates.io-index"
dependencies = [
 "libc 0.1.7 (registry+https://github.com/rust-lang/crates.io-index)",
]

[[package]]
name = "zlib_minimal"
version = "0.0.1"
dependencies = [
 "libc 0.1.7 (registry+https://github.com/rust-lang/crates.io-index)",
]

