[root]
name = "hexdump"
version = "0.0.1"
dependencies = [
 "arrayvec 0.3.11 (registry+https://github.com/rust-lang/crates.io-index)",
 "void 0.0.5 (registry+https://github.com/rust-lang/crates.io-index)",
]

[[package]]
name = "arrayvec"
version = "0.3.11"
source = "registry+https://github.com/rust-lang/crates.io-index"
dependencies = [
 "nodrop 0.1.4 (registry+https://github.com/rust-lang/crates.io-index)",
 "odds 0.2.7 (registry+https://github.com/rust-lang/crates.io-index)",
]

[[package]]
name = "nodrop"
version = "0.1.4"
source = "registry+https://github.com/rust-lang/crates.io-index"
dependencies = [
 "odds 0.2.7 (registry+https://github.com/rust-lang/crates.io-index)",
]

[[package]]
name = "odds"
version = "0.2.7"
source = "registry+https://github.com/rust-lang/crates.io-index"
dependencies = [
 "unreachable 0.0.2 (registry+https://github.com/rust-lang/crates.io-index)",
]

[[package]]
name = "unreachable"
version = "0.0.2"
source = "registry+https://github.com/rust-lang/crates.io-index"
dependencies = [
 "void 0.0.5 (registry+https://github.com/rust-lang/crates.io-index)",
]

[[package]]
name = "void"
version = "0.0.5"
source = "registry+https://github.com/rust-lang/crates.io-index"

